<?xml version="1.0" encoding="utf-8"?>
<Project ToolsVersion="4.0" xmlns="http://schemas.microsoft.com/developer/msbuild/2003">
  <ItemGroup>
    <Filter Include="소스 파일">
      <UniqueIdentifier>{4FC737F1-C7A5-4376-A066-2A32D752A2FF}</UniqueIdentifier>
      <Extensions>cpp;c;cc;cxx;c++;cppm;ixx;def;odl;idl;hpj;bat;asm;asmx</Extensions>
    </Filter>
    <Filter Include="헤더 파일">
      <UniqueIdentifier>{93995380-89BD-4b04-88EB-625FBE52EBFB}</UniqueIdentifier>
      <Extensions>h;hh;hpp;hxx;h++;hm;inl;inc;ipp;xsd</Extensions>
    </Filter>
    <Filter Include="리소스 파일">
      <UniqueIdentifier>{67DA6AB6-F800-4c08-8B7A-83BB121AAD01}</UniqueIdentifier>
      <Extensions>rc;ico;cur;bmp;dlg;rc2;rct;bin;rgs;gif;jpg;jpeg;jpe;resx;tiff;tif;png;wav;mfcribbon-ms</Extensions>
    </Filter>
    <Filter Include="소스 파일\Chapter01">
      <UniqueIdentifier>{4367f4a6-822c-4f6c-859c-6f16c1ba4d5c}</UniqueIdentifier>
    </Filter>
    <Filter Include="소스 파일\Chapter02">
      <UniqueIdentifier>{47fae9c9-e489-4bc6-a844-27c0a0d9947b}</UniqueIdentifier>
    </Filter>
    <Filter Include="소스 파일\Chapter03">
      <UniqueIdentifier>{4d5ed519-32c5-4b4d-8b3e-95ae61581c41}</UniqueIdentifier>
    </Filter>
    <Filter Include="소스 파일\Chapter04">
      <UniqueIdentifier>{de64f72b-bb2f-498a-a5db-8161ed8898d5}</UniqueIdentifier>
    </Filter>
    <Filter Include="헤더 파일\4장">
      <UniqueIdentifier>{0235f80b-47fe-4448-8f59-5a2bdaacd5a6}</UniqueIdentifier>
    </Filter>
    <Filter Include="소스 파일\OOP">
      <UniqueIdentifier>{17316ebd-cb99-457d-96ac-6aae6a8694c2}</UniqueIdentifier>
    </Filter>
    <Filter Include="소스 파일\Chapter05">
      <UniqueIdentifier>{a15b4171-31fd-46f9-a5d5-d9670b2a5b51}</UniqueIdentifier>
    </Filter>
    <Filter Include="소스 파일\Chapter06">
      <UniqueIdentifier>{f64e9374-16b7-4222-a787-68ecbd7af597}</UniqueIdentifier>
    </Filter>
    <Filter Include="소스 파일\Chapter07">
      <UniqueIdentifier>{5948874b-f7ef-450f-8d63-d0c620f2ae76}</UniqueIdentifier>
    </Filter>
    <Filter Include="소스 파일\Chapter08">
      <UniqueIdentifier>{28c732a5-583c-4c6d-a422-fce7fb5335a8}</UniqueIdentifier>
    </Filter>
  </ItemGroup>
  <ItemGroup>
    <ClCompile Include="TrueAndFalse.cpp">
      <Filter>소스 파일\Chapter02</Filter>
    </ClCompile>
    <ClCompile Include="bank.cpp">
      <Filter>소스 파일\Chapter01</Filter>
    </ClCompile>
    <ClCompile Include="main.cpp">
      <Filter>소스 파일\Chapter01</Filter>
    </ClCompile>
    <ClCompile Include="p01-4(1).cpp">
      <Filter>소스 파일\Chapter01</Filter>
    </ClCompile>
    <ClCompile Include="problem01.cpp">
      <Filter>소스 파일\Chapter01</Filter>
    </ClCompile>
    <ClCompile Include="DataTypeBool.cpp">
      <Filter>소스 파일\Chapter02</Filter>
    </ClCompile>
    <ClCompile Include="Referen.cpp">
      <Filter>소스 파일\Chapter02</Filter>
    </ClCompile>
    <ClCompile Include="RefArrElem.cpp">
      <Filter>소스 파일\Chapter02</Filter>
    </ClCompile>
    <ClCompile Include="RefPtr.cpp">
      <Filter>소스 파일\Chapter02</Filter>
    </ClCompile>
    <ClCompile Include="RefSwap.cpp">
      <Filter>소스 파일\Chapter02</Filter>
    </ClCompile>
    <ClCompile Include="p02-1.cpp">
      <Filter>소스 파일\Chapter02</Filter>
    </ClCompile>
    <ClCompile Include="RefReturnOne.cpp">
      <Filter>소스 파일\Chapter02</Filter>
    </ClCompile>
    <ClCompile Include="RefReturnTwo.cpp">
      <Filter>소스 파일\Chapter02</Filter>
    </ClCompile>
    <ClCompile Include="RefReturnThree.cpp">
      <Filter>소스 파일\Chapter02</Filter>
    </ClCompile>
    <ClCompile Include="p02-2.cpp">
      <Filter>소스 파일\Chapter02</Filter>
    </ClCompile>
    <ClCompile Include="MemMalFree.cpp">
      <Filter>소스 파일\Chapter02</Filter>
    </ClCompile>
    <ClCompile Include="NewDelete.cpp">
      <Filter>소스 파일\Chapter02</Filter>
    </ClCompile>
    <ClCompile Include="NewObject.cpp">
      <Filter>소스 파일\Chapter02</Filter>
    </ClCompile>
    <ClCompile Include="p02-3.cpp">
      <Filter>소스 파일\Chapter02</Filter>
    </ClCompile>
    <ClCompile Include="StdCPPFunc.cpp">
      <Filter>소스 파일\Chapter02</Filter>
    </ClCompile>
    <ClCompile Include="p02-4.cpp">
      <Filter>소스 파일\Chapter02</Filter>
    </ClCompile>
    <ClCompile Include="RacingCar.cpp">
      <Filter>소스 파일\Chapter03</Filter>
    </ClCompile>
    <ClCompile Include="RacingCarFuncAdd.cpp">
      <Filter>소스 파일\Chapter03</Filter>
    </ClCompile>
    <ClCompile Include="p03-1.cpp">
      <Filter>소스 파일\Chapter03</Filter>
    </ClCompile>
    <ClCompile Include="RacingCarEnum.cpp">
      <Filter>소스 파일\Chapter03</Filter>
    </ClCompile>
    <ClCompile Include="RacingCarOuterFunc.cpp">
      <Filter>소스 파일\Chapter03</Filter>
    </ClCompile>
    <ClCompile Include="RacingCarClassBase.cpp">
      <Filter>소스 파일\Chapter03</Filter>
    </ClCompile>
    <ClCompile Include="Car.cpp">
      <Filter>소스 파일\Chapter03</Filter>
    </ClCompile>
    <ClCompile Include="RacingMain.cpp">
      <Filter>소스 파일\Chapter03</Filter>
    </ClCompile>
    <ClCompile Include="CarInline.cpp">
      <Filter>소스 파일\Chapter03</Filter>
    </ClCompile>
    <ClCompile Include="RacingInlineMain.cpp">
      <Filter>소스 파일\Chapter03</Filter>
    </ClCompile>
    <ClCompile Include="p03-2%281%29.cpp">
      <Filter>소스 파일\Chapter03</Filter>
    </ClCompile>
    <ClCompile Include="p03-2%282%29.cpp">
      <Filter>소스 파일\Chapter03</Filter>
    </ClCompile>
    <ClCompile Include="FruitSaleSim1.cpp">
      <Filter>소스 파일\Chapter03</Filter>
    </ClCompile>
    <ClCompile Include="RectangleFault.cpp">
      <Filter>소스 파일\Chapter04</Filter>
    </ClCompile>
    <ClCompile Include="Point.cpp">
      <Filter>소스 파일\Chapter04</Filter>
    </ClCompile>
    <ClCompile Include="Rectangle.cpp">
      <Filter>소스 파일\Chapter04</Filter>
    </ClCompile>
    <ClCompile Include="RectangleFaultFind.cpp">
      <Filter>소스 파일\Chapter04</Filter>
    </ClCompile>
    <ClCompile Include="Constructor1.cpp">
      <Filter>소스 파일\Chapter04</Filter>
    </ClCompile>
    <ClCompile Include="Constructor2.cpp">
      <Filter>소스 파일\Chapter04</Filter>
    </ClCompile>
    <ClCompile Include="Destructor.cpp">
      <Filter>소스 파일\Chapter04</Filter>
    </ClCompile>
    <ClCompile Include="Encaps1.cpp">
      <Filter>소스 파일\Chapter04</Filter>
    </ClCompile>
    <ClCompile Include="Encaps2.cpp">
      <Filter>소스 파일\Chapter04</Filter>
    </ClCompile>
    <ClCompile Include="FruitSaleSim3.cpp">
      <Filter>소스 파일\Chapter04</Filter>
    </ClCompile>
    <ClCompile Include="FruitSaleSim2.cpp">
      <Filter>소스 파일\Chapter04</Filter>
    </ClCompile>
    <ClCompile Include="p04-2.cpp">
      <Filter>소스 파일\Chapter04</Filter>
    </ClCompile>
    <ClCompile Include="PrivateConstuctor.cpp">
      <Filter>소스 파일\Chapter04</Filter>
    </ClCompile>
    <ClCompile Include="RectangleConstructor.cpp">
      <Filter>소스 파일\Chapter04</Filter>
    </ClCompile>
    <ClCompile Include="ReferenceMember.cpp">
      <Filter>소스 파일\Chapter04</Filter>
    </ClCompile>
    <ClCompile Include="p04-3%282%29.cpp">
      <Filter>소스 파일\Chapter04</Filter>
    </ClCompile>
    <ClCompile Include="ObjArr.cpp">
      <Filter>소스 파일\Chapter04</Filter>
    </ClCompile>
    <ClCompile Include="ObjPtrArr.cpp">
      <Filter>소스 파일\Chapter04</Filter>
    </ClCompile>
    <ClCompile Include="PointerThis.cpp">
      <Filter>소스 파일\Chapter04</Filter>
    </ClCompile>
    <ClCompile Include="UsefulThisPtr.cpp">
      <Filter>소스 파일\Chapter04</Filter>
    </ClCompile>
    <ClCompile Include="SelfRef.cpp">
      <Filter>소스 파일\Chapter04</Filter>
    </ClCompile>
    <ClCompile Include="BankingSystemVer01.cpp">
      <Filter>소스 파일\OOP</Filter>
    </ClCompile>
    <ClCompile Include="BankingSystemVer02.cpp">
      <Filter>소스 파일\OOP</Filter>
    </ClCompile>
    <ClCompile Include="ClassInit.cpp">
      <Filter>소스 파일\Chapter05</Filter>
    </ClCompile>
    <ClCompile Include="ShallowCopyError.cpp">
      <Filter>소스 파일\Chapter05</Filter>
    </ClCompile>
    <ClCompile Include="p05-1.cpp">
      <Filter>소스 파일\Chapter05</Filter>
    </ClCompile>
    <ClCompile Include="PassObjCopycon.cpp">
      <Filter>소스 파일\Chapter05</Filter>
    </ClCompile>
    <ClCompile Include="ReturnObjCopycon.cpp">
      <Filter>소스 파일\Chapter05</Filter>
    </ClCompile>
    <ClCompile Include="IKnowTempObj.cpp">
      <Filter>소스 파일\Chapter05</Filter>
    </ClCompile>
    <ClCompile Include="ReturnObjDeadTime.cpp">
      <Filter>소스 파일\Chapter05</Filter>
    </ClCompile>
    <ClCompile Include="BankingSystemVer03.cpp">
      <Filter>소스 파일\OOP</Filter>
    </ClCompile>
    <ClCompile Include="ConstObject.cpp">
      <Filter>소스 파일\Chapter06</Filter>
    </ClCompile>
    <ClCompile Include="ConstOverloading.cpp">
      <Filter>소스 파일\Chapter06</Filter>
    </ClCompile>
    <ClCompile Include="MyFriendClass.cpp">
      <Filter>소스 파일\Chapter06</Filter>
    </ClCompile>
    <ClCompile Include="MyFriendFunction.cpp">
      <Filter>소스 파일\Chapter06</Filter>
    </ClCompile>
    <ClCompile Include="CComStatic.cpp">
      <Filter>소스 파일\Chapter06</Filter>
    </ClCompile>
    <ClCompile Include="NeedGlobal.cpp">
      <Filter>소스 파일\Chapter06</Filter>
    </ClCompile>
    <ClCompile Include="StaticMember.cpp">
      <Filter>소스 파일\Chapter06</Filter>
    </ClCompile>
    <ClCompile Include="PublicStaticMember.cpp">
      <Filter>소스 파일\Chapter06</Filter>
    </ClCompile>
    <ClCompile Include="ConstStaticMember.cpp">
      <Filter>소스 파일\Chapter06</Filter>
    </ClCompile>
    <ClCompile Include="Mutable.cpp">
      <Filter>소스 파일\Chapter06</Filter>
    </ClCompile>
    <ClCompile Include="EmployeeManager1.cpp">
      <Filter>소스 파일\Chapter07</Filter>
    </ClCompile>
    <ClCompile Include="UnivStudentInheri.cpp">
      <Filter>소스 파일\Chapter07</Filter>
    </ClCompile>
    <ClCompile Include="DerivCreOrder.cpp">
      <Filter>소스 파일\Chapter07</Filter>
    </ClCompile>
    <ClCompile Include="DerivDestOrder.cpp">
      <Filter>소스 파일\Chapter07</Filter>
    </ClCompile>
    <ClCompile Include="DestModel.cpp">
      <Filter>소스 파일\Chapter07</Filter>
    </ClCompile>
    <ClCompile Include="p07-1.cpp">
      <Filter>소스 파일\Chapter07</Filter>
    </ClCompile>
    <ClCompile Include="p07-1%282%29.cpp">
      <Filter>소스 파일\Chapter07</Filter>
    </ClCompile>
    <ClCompile Include="BankingSystemVer04.cpp">
      <Filter>소스 파일\OOP</Filter>
    </ClCompile>
    <ClCompile Include="ProtectedHeri.cpp">
      <Filter>소스 파일\Chapter07</Filter>
    </ClCompile>
    <ClCompile Include="ISAInheritance.cpp">
      <Filter>소스 파일\Chapter07</Filter>
    </ClCompile>
    <ClCompile Include="HASInheritance.cpp">
      <Filter>소스 파일\Chapter07</Filter>
    </ClCompile>
    <ClCompile Include="HASComposite.cpp">
      <Filter>소스 파일\Chapter07</Filter>
    </ClCompile>
    <ClCompile Include="P07-2(1).cpp">
      <Filter>소스 파일\Chapter07</Filter>
    </ClCompile>
    <ClCompile Include="p07-2(2).cpp">
      <Filter>소스 파일\Chapter07</Filter>
    </ClCompile>
    <ClCompile Include="BankingSystemVer05.cpp">
      <Filter>소스 파일\OOP</Filter>
    </ClCompile>
    <ClCompile Include="ObjectPointer.cpp">
      <Filter>소스 파일\Chapter08</Filter>
    </ClCompile>
    <ClCompile Include="EmployeeManager2.cpp">
      <Filter>소스 파일\Chapter08</Filter>
    </ClCompile>
    <ClCompile Include="EmployeeManager3.cpp">
      <Filter>소스 파일\Chapter08</Filter>
    </ClCompile>
    <ClCompile Include="FunctionOverride.cpp">
      <Filter>소스 파일\Chapter08</Filter>
    </ClCompile>
    <ClCompile Include="FunctionVirtualOverride.cpp">
      <Filter>소스 파일\Chapter08</Filter>
    </ClCompile>
    <ClCompile Include="EmployeeManager4.cpp">
      <Filter>소스 파일\Chapter08</Filter>
    </ClCompile>
    <ClCompile Include="p08-1.cpp">
      <Filter>소스 파일\Chapter08</Filter>
    </ClCompile>
    <ClCompile Include="VirtualDestructor.cpp">
      <Filter>소스 파일\Chapter08</Filter>
    </ClCompile>
    <ClCompile Include="ReferenceAttribute.cpp">
      <Filter>소스 파일\Chapter08</Filter>
    </ClCompile>
  </ItemGroup>
  <ItemGroup>
    <ClInclude Include="p01-4.h">
      <Filter>헤더 파일</Filter>
    </ClInclude>
    <ClInclude Include="Car.h">
      <Filter>헤더 파일</Filter>
    </ClInclude>
    <ClInclude Include="CarInline.h">
      <Filter>헤더 파일</Filter>
    </ClInclude>
    <ClInclude Include="Point.h">
      <Filter>헤더 파일\4장</Filter>
    </ClInclude>
    <ClInclude Include="Rectangle.h">
      <Filter>헤더 파일\4장</Filter>
    </ClInclude>
  </ItemGroup>
</Project>